
Microsoft Visual Studio Solution File, Format Version 12.00
# Visual Studio 15
VisualStudioVersion = 15.0.28307.136
MinimumVisualStudioVersion = 10.0.40219.1
Project("{8BC9CEB8-8B4A-11D0-8D11-00A0C91BC942}") = "Blackjack", "Blackjack.vcxproj", "{DD0FBF34-E7D7-4D35-9C0E-C69C58DB5284}"
EndProject
Global
	GlobalSection(SolutionConfigurationPlatforms) = preSolution
		Debug|x64 = Debug|x64
		Debug|x86 = Debug|x86
		Release|x64 = Release|x64
		Release|x86 = Release|x86
	EndGlobalSection
	GlobalSection(ProjectConfigurationPlatforms) = postSolution
		{DD0FBF34-E7D7-4D35-9C0E-C69C58DB5284}.Debug|x64.ActiveCfg = Debug|x64
		{DD0FBF34-E7D7-4D35-9C0E-C69C58DB5284}.Debug|x64.Build.0 = Debug|x64
		{DD0FBF34-E7D7-4D35-9C0E-C69C58DB5284}.Debug|x86.ActiveCfg = Debug|Win32
		{DD0FBF34-E7D7-4D35-9C0E-C69C58DB5284}.Debug|x86.Build.0 = Debug|Win32
		{DD0FBF34-E7D7-4D35-9C0E-C69C58DB5284}.Release|x64.ActiveCfg = Release|x64
		{DD0FBF34-E7D7-4D35-9C0E-C69C58DB5284}.Release|x64.Build.0 = Release|x64
		{DD0FBF34-E7D7-4D35-9C0E-C69C58DB5284}.Release|x86.ActiveCfg = Release|Win32
		{DD0FBF34-E7D7-4D35-9C0E-C69C58DB5284}.Release|x86.Build.0 = Release|Win32
	EndGlobalSection
	GlobalSection(SolutionProperties) = preSolution
		HideSolutionNode = FALSE
	EndGlobalSection
	GlobalSection(ExtensibilityGlobals) = postSolution
		SolutionGuid = {9C0BCA54-63E7-43DA-A73D-164A30B27A88}
	EndGlobalSection
EndGlobal
